#include "stdafx.h"
#include <iostream>
#include <array>
using namespace std;
const int N = 10;
int *a = new int[N];
void func(int *a) {
	int i;
	for (i = 0; i < N; i++)
		 {
		if ((a[i] % 2) == 0)
			 a[i] = a[i] * 2;
		else
			 a[i] = a[i] - 1;
		cout << a[i] << ' ';
		}
	cout << endl;
	}
int main()
 {
	int i;
	cout << "Введите массив:" << endl;
    for (i = 0; i < N; i++)
		 cin >> a[i];
	cout << "Изменения:" << endl;
	func(a);
	system("pause");
	return 0;
}
