
Microsoft Visual Studio Solution File, Format Version 12.00
# Visual Studio 15
VisualStudioVersion = 15.0.27428.2027
MinimumVisualStudioVersion = 10.0.40219.1
Project("{888888A0-9F3D-457C-B088-3A5042F75D52}") = "numb3", "numb3\numb3.pyproj", "{B5B412E8-E102-47ED-8D43-424A1373BC43}"
EndProject
Global
	GlobalSection(SolutionConfigurationPlatforms) = preSolution
		Debug|Any CPU = Debug|Any CPU
		Release|Any CPU = Release|Any CPU
	EndGlobalSection
	GlobalSection(ProjectConfigurationPlatforms) = postSolution
		{B5B412E8-E102-47ED-8D43-424A1373BC43}.Debug|Any CPU.ActiveCfg = Debug|Any CPU
		{B5B412E8-E102-47ED-8D43-424A1373BC43}.Release|Any CPU.ActiveCfg = Release|Any CPU
	EndGlobalSection
	GlobalSection(SolutionProperties) = preSolution
		HideSolutionNode = FALSE
	EndGlobalSection
	GlobalSection(ExtensibilityGlobals) = postSolution
		SolutionGuid = {0C282501-AC2C-48B2-8D93-04B49CE79B81}
	EndGlobalSection
EndGlobal
